
Microsoft Visual Studio Solution File, Format Version 12.00
# Visual Studio Version 17
VisualStudioVersion = 17.0.31903.59
MinimumVisualStudioVersion = 10.0.40219.1
Project("{FAE04EC0-301F-11D3-BF4B-00C04F79EFBC}") = "API", "API\API.csproj", "{70A3C942-B645-479E-81B6-BF1353A1BB25}"
EndProject
Project("{FAE04EC0-301F-11D3-BF4B-00C04F79EFBC}") = "Application", "Application\Application.csproj", "{6988DF7E-040F-4329-9170-C184832FE1E7}"
EndProject
Project("{FAE04EC0-301F-11D3-BF4B-00C04F79EFBC}") = "Domain", "Domain\Domain.csproj", "{01A4A1B0-E20E-46AC-A3CB-9CD9AE8CE24C}"
EndProject
Project("{FAE04EC0-301F-11D3-BF4B-00C04F79EFBC}") = "Persistence", "Persistence\Persistence.csproj", "{D21918FA-DD3D-4B09-97F8-D3EA2F661D31}"
EndProject
Global
	GlobalSection(SolutionConfigurationPlatforms) = preSolution
		Debug|Any CPU = Debug|Any CPU
		Release|Any CPU = Release|Any CPU
	EndGlobalSection
	GlobalSection(SolutionProperties) = preSolution
		HideSolutionNode = FALSE
	EndGlobalSection
	GlobalSection(ProjectConfigurationPlatforms) = postSolution
		{70A3C942-B645-479E-81B6-BF1353A1BB25}.Debug|Any CPU.ActiveCfg = Debug|Any CPU
		{70A3C942-B645-479E-81B6-BF1353A1BB25}.Debug|Any CPU.Build.0 = Debug|Any CPU
		{70A3C942-B645-479E-81B6-BF1353A1BB25}.Release|Any CPU.ActiveCfg = Release|Any CPU
		{70A3C942-B645-479E-81B6-BF1353A1BB25}.Release|Any CPU.Build.0 = Release|Any CPU
		{6988DF7E-040F-4329-9170-C184832FE1E7}.Debug|Any CPU.ActiveCfg = Debug|Any CPU
		{6988DF7E-040F-4329-9170-C184832FE1E7}.Debug|Any CPU.Build.0 = Debug|Any CPU
		{6988DF7E-040F-4329-9170-C184832FE1E7}.Release|Any CPU.ActiveCfg = Release|Any CPU
		{6988DF7E-040F-4329-9170-C184832FE1E7}.Release|Any CPU.Build.0 = Release|Any CPU
		{01A4A1B0-E20E-46AC-A3CB-9CD9AE8CE24C}.Debug|Any CPU.ActiveCfg = Debug|Any CPU
		{01A4A1B0-E20E-46AC-A3CB-9CD9AE8CE24C}.Debug|Any CPU.Build.0 = Debug|Any CPU
		{01A4A1B0-E20E-46AC-A3CB-9CD9AE8CE24C}.Release|Any CPU.ActiveCfg = Release|Any CPU
		{01A4A1B0-E20E-46AC-A3CB-9CD9AE8CE24C}.Release|Any CPU.Build.0 = Release|Any CPU
		{D21918FA-DD3D-4B09-97F8-D3EA2F661D31}.Debug|Any CPU.ActiveCfg = Debug|Any CPU
		{D21918FA-DD3D-4B09-97F8-D3EA2F661D31}.Debug|Any CPU.Build.0 = Debug|Any CPU
		{D21918FA-DD3D-4B09-97F8-D3EA2F661D31}.Release|Any CPU.ActiveCfg = Release|Any CPU
		{D21918FA-DD3D-4B09-97F8-D3EA2F661D31}.Release|Any CPU.Build.0 = Release|Any CPU
	EndGlobalSection
EndGlobal
